
Microsoft Visual Studio Solution File, Format Version 12.00
# Visual Studio Version 16
VisualStudioVersion = 16.0.29709.97
MinimumVisualStudioVersion = 10.0.40219.1
Project("{FAE04EC0-301F-11D3-BF4B-00C04F79EFBC}") = "BoiteAOutil.DB.Standard", "BoiteAOutil.DB.Standard\BoiteAOutil.DB.Standard.csproj", "{9E1EE2F0-BE9D-44F1-828B-93CDF9C8D698}"
EndProject
Project("{FAE04EC0-301F-11D3-BF4B-00C04F79EFBC}") = "Conso", "Conso\Conso.csproj", "{B2859CC7-08EE-44CE-9CE5-342277BC3EB1}"
EndProject
Global
	GlobalSection(SolutionConfigurationPlatforms) = preSolution
		Debug|Any CPU = Debug|Any CPU
		Release|Any CPU = Release|Any CPU
	EndGlobalSection
	GlobalSection(ProjectConfigurationPlatforms) = postSolution
		{9E1EE2F0-BE9D-44F1-828B-93CDF9C8D698}.Debug|Any CPU.ActiveCfg = Debug|Any CPU
		{9E1EE2F0-BE9D-44F1-828B-93CDF9C8D698}.Debug|Any CPU.Build.0 = Debug|Any CPU
		{9E1EE2F0-BE9D-44F1-828B-93CDF9C8D698}.Release|Any CPU.ActiveCfg = Release|Any CPU
		{9E1EE2F0-BE9D-44F1-828B-93CDF9C8D698}.Release|Any CPU.Build.0 = Release|Any CPU
		{B2859CC7-08EE-44CE-9CE5-342277BC3EB1}.Debug|Any CPU.ActiveCfg = Debug|Any CPU
		{B2859CC7-08EE-44CE-9CE5-342277BC3EB1}.Debug|Any CPU.Build.0 = Debug|Any CPU
		{B2859CC7-08EE-44CE-9CE5-342277BC3EB1}.Release|Any CPU.ActiveCfg = Release|Any CPU
		{B2859CC7-08EE-44CE-9CE5-342277BC3EB1}.Release|Any CPU.Build.0 = Release|Any CPU
	EndGlobalSection
	GlobalSection(SolutionProperties) = preSolution
		HideSolutionNode = FALSE
	EndGlobalSection
	GlobalSection(ExtensibilityGlobals) = postSolution
		SolutionGuid = {3F2BC90E-7882-49B6-BB2E-15EA9F424198}
	EndGlobalSection
EndGlobal
