
Microsoft Visual Studio Solution File, Format Version 12.00
# Visual Studio Version 16
VisualStudioVersion = 16.0.29709.97
MinimumVisualStudioVersion = 10.0.40219.1
Project("{9A19103F-16F7-4668-BE54-9A1E7A4F7556}") = "Genealogie.DAL.Global", "Genealogie.DAL.Global\Genealogie.DAL.Global.csproj", "{DD858B87-D39B-4DA0-9964-31ADAF15E360}"
EndProject
Project("{FAE04EC0-301F-11D3-BF4B-00C04F79EFBC}") = "conso", "conso\conso.csproj", "{9E666729-D2D6-4A29-8AD7-FBDE240821B2}"
EndProject
Project("{9A19103F-16F7-4668-BE54-9A1E7A4F7556}") = "Genealogie.DAL.Client", "Genealogie.DAL.Client\Genealogie.DAL.Client.csproj", "{9C8BD70E-F3CF-4621-BC62-C422C5A2EA3D}"
EndProject
Project("{FAE04EC0-301F-11D3-BF4B-00C04F79EFBC}") = "Genealogie.API", "Genealogie.API\Genealogie.API.csproj", "{47352580-0154-4151-9AF1-5DC6B304052E}"
EndProject
Project("{FAE04EC0-301F-11D3-BF4B-00C04F79EFBC}") = "Genealogie.ASPx", "Genealogie.ASPx\Genealogie.ASPx.csproj", "{A53A9118-7675-405E-A24D-83EE9443A26F}"
EndProject
Project("{FAE04EC0-301F-11D3-BF4B-00C04F79EFBC}") = "Genealogie.ASP", "Genealogie.ASP\Genealogie.ASP.csproj", "{5FDF21D3-F70B-4F17-83F5-80C292925079}"
EndProject
Project("{FAE04EC0-301F-11D3-BF4B-00C04F79EFBC}") = "Genealogie.ASPxx", "Genealogie.ASPxx\Genealogie.ASPxx.csproj", "{3C14F868-E249-43CB-BDBA-DFA5525E2FB9}"
EndProject
Project("{FAE04EC0-301F-11D3-BF4B-00C04F79EFBC}") = "Genealogie.APIx", "Genealogie.APIx\Genealogie.APIx.csproj", "{ADF5799D-EF1A-4BBB-B24F-74CA73F3610E}"
EndProject
Global
	GlobalSection(SolutionConfigurationPlatforms) = preSolution
		Debug|Any CPU = Debug|Any CPU
		Release|Any CPU = Release|Any CPU
	EndGlobalSection
	GlobalSection(ProjectConfigurationPlatforms) = postSolution
		{DD858B87-D39B-4DA0-9964-31ADAF15E360}.Debug|Any CPU.ActiveCfg = Debug|Any CPU
		{DD858B87-D39B-4DA0-9964-31ADAF15E360}.Debug|Any CPU.Build.0 = Debug|Any CPU
		{DD858B87-D39B-4DA0-9964-31ADAF15E360}.Release|Any CPU.ActiveCfg = Release|Any CPU
		{DD858B87-D39B-4DA0-9964-31ADAF15E360}.Release|Any CPU.Build.0 = Release|Any CPU
		{9E666729-D2D6-4A29-8AD7-FBDE240821B2}.Debug|Any CPU.ActiveCfg = Debug|Any CPU
		{9E666729-D2D6-4A29-8AD7-FBDE240821B2}.Debug|Any CPU.Build.0 = Debug|Any CPU
		{9E666729-D2D6-4A29-8AD7-FBDE240821B2}.Release|Any CPU.ActiveCfg = Release|Any CPU
		{9E666729-D2D6-4A29-8AD7-FBDE240821B2}.Release|Any CPU.Build.0 = Release|Any CPU
		{9C8BD70E-F3CF-4621-BC62-C422C5A2EA3D}.Debug|Any CPU.ActiveCfg = Debug|Any CPU
		{9C8BD70E-F3CF-4621-BC62-C422C5A2EA3D}.Debug|Any CPU.Build.0 = Debug|Any CPU
		{9C8BD70E-F3CF-4621-BC62-C422C5A2EA3D}.Release|Any CPU.ActiveCfg = Release|Any CPU
		{9C8BD70E-F3CF-4621-BC62-C422C5A2EA3D}.Release|Any CPU.Build.0 = Release|Any CPU
		{47352580-0154-4151-9AF1-5DC6B304052E}.Debug|Any CPU.ActiveCfg = Debug|Any CPU
		{47352580-0154-4151-9AF1-5DC6B304052E}.Debug|Any CPU.Build.0 = Debug|Any CPU
		{47352580-0154-4151-9AF1-5DC6B304052E}.Release|Any CPU.ActiveCfg = Release|Any CPU
		{47352580-0154-4151-9AF1-5DC6B304052E}.Release|Any CPU.Build.0 = Release|Any CPU
		{A53A9118-7675-405E-A24D-83EE9443A26F}.Debug|Any CPU.ActiveCfg = Debug|Any CPU
		{A53A9118-7675-405E-A24D-83EE9443A26F}.Debug|Any CPU.Build.0 = Debug|Any CPU
		{A53A9118-7675-405E-A24D-83EE9443A26F}.Release|Any CPU.ActiveCfg = Release|Any CPU
		{A53A9118-7675-405E-A24D-83EE9443A26F}.Release|Any CPU.Build.0 = Release|Any CPU
		{5FDF21D3-F70B-4F17-83F5-80C292925079}.Debug|Any CPU.ActiveCfg = Debug|Any CPU
		{5FDF21D3-F70B-4F17-83F5-80C292925079}.Debug|Any CPU.Build.0 = Debug|Any CPU
		{5FDF21D3-F70B-4F17-83F5-80C292925079}.Release|Any CPU.ActiveCfg = Release|Any CPU
		{5FDF21D3-F70B-4F17-83F5-80C292925079}.Release|Any CPU.Build.0 = Release|Any CPU
		{3C14F868-E249-43CB-BDBA-DFA5525E2FB9}.Debug|Any CPU.ActiveCfg = Debug|Any CPU
		{3C14F868-E249-43CB-BDBA-DFA5525E2FB9}.Debug|Any CPU.Build.0 = Debug|Any CPU
		{3C14F868-E249-43CB-BDBA-DFA5525E2FB9}.Release|Any CPU.ActiveCfg = Release|Any CPU
		{3C14F868-E249-43CB-BDBA-DFA5525E2FB9}.Release|Any CPU.Build.0 = Release|Any CPU
		{ADF5799D-EF1A-4BBB-B24F-74CA73F3610E}.Debug|Any CPU.ActiveCfg = Debug|Any CPU
		{ADF5799D-EF1A-4BBB-B24F-74CA73F3610E}.Debug|Any CPU.Build.0 = Debug|Any CPU
		{ADF5799D-EF1A-4BBB-B24F-74CA73F3610E}.Release|Any CPU.ActiveCfg = Release|Any CPU
		{ADF5799D-EF1A-4BBB-B24F-74CA73F3610E}.Release|Any CPU.Build.0 = Release|Any CPU
	EndGlobalSection
	GlobalSection(SolutionProperties) = preSolution
		HideSolutionNode = FALSE
	EndGlobalSection
	GlobalSection(ExtensibilityGlobals) = postSolution
		SolutionGuid = {EA4EA71F-ACFD-4EF9-B1EE-5CEDCBB9ED91}
	EndGlobalSection
EndGlobal
